
Microsoft Visual Studio Solution File, Format Version 12.00
# Visual Studio Version 17
VisualStudioVersion = 17.13.35931.197
MinimumVisualStudioVersion = 10.0.40219.1
Project("{FAE04EC0-301F-11D3-BF4B-00C04F79EFBC}") = "LeafSpy.DataParser", "LeafSpy.DataParser\LeafSpy.DataParser.csproj", "{75ED3C20-D21E-426C-A507-E1F0DFEBC464}"
EndProject
Project("{FAE04EC0-301F-11D3-BF4B-00C04F79EFBC}") = "LeafSpy.DataParser.Tests", "LeafSpy.DataParser.Tests\LeafSpy.DataParser.Tests.csproj", "{3A67966B-8DFC-4DB6-A419-6C6B2FE21DFD}"
EndProject
Project("{FAE04EC0-301F-11D3-BF4B-00C04F79EFBC}") = "TripView", "TripView\TripView.csproj", "{06C1F962-CE4F-4FED-90C5-97D6BFB98E45}"
	ProjectSection(ProjectDependencies) = postProject
		{D53A0BE9-EC54-A102-97C9-F56FEB370DCA} = {D53A0BE9-EC54-A102-97C9-F56FEB370DCA}
	EndProjectSection
EndProject
Project("{2150E333-8FDC-42A3-9474-1A3956D46DE8}") = "Solution Items", "Solution Items", "{8EC462FD-D22E-90A8-E5CE-7E832BA40C5D}"
	ProjectSection(SolutionItems) = preProject
		LICENSE.txt = LICENSE.txt
		MakeRelease.ps1 = MakeRelease.ps1
		README.md = README.md
	EndProjectSection
EndProject
Project("{2150E333-8FDC-42A3-9474-1A3956D46DE8}") = ".github", ".github", "{02EA681E-C7D8-13C7-8484-4AC65E1B71E8}"
	ProjectSection(SolutionItems) = preProject
		.github\dependabot.yml = .github\dependabot.yml
	EndProjectSection
EndProject
Project("{2150E333-8FDC-42A3-9474-1A3956D46DE8}") = "images", "images", "{5D4F62C9-BF03-45A9-B29A-D7DC7B3C082C}"
	ProjectSection(SolutionItems) = preProject
		.github\images\data-loaded.png = .github\images\data-loaded.png
		.github\images\startup.png = .github\images\startup.png
	EndProjectSection
EndProject
Project("{2150E333-8FDC-42A3-9474-1A3956D46DE8}") = "workflows", "workflows", "{5FE9C007-B254-4A2A-916F-B106EB6E31A4}"
	ProjectSection(SolutionItems) = preProject
		.github\workflows\codeql.yml = .github\workflows\codeql.yml
		.github\workflows\dotnet.yml = .github\workflows\dotnet.yml
	EndProjectSection
EndProject
Project("{2150E333-8FDC-42A3-9474-1A3956D46DE8}") = "examples", "examples", "{F0B1DD0B-D4DF-4844-9D45-D1E13D51149E}"
	ProjectSection(SolutionItems) = preProject
		examples\Log.csv = examples\Log.csv
	EndProjectSection
EndProject
Project("{FAE04EC0-301F-11D3-BF4B-00C04F79EFBC}") = "TripView.KmlExporter", "TripView.KMLExporter\TripView.KmlExporter.csproj", "{D53A0BE9-EC54-A102-97C9-F56FEB370DCA}"
EndProject
Project("{B7DD6F7E-DEF8-4E67-B5B7-07EF123DB6F0}") = "TripViewerPackage", "TripViewerPackage\TripViewerPackage.wixproj", "{66379777-094B-4A92-9FAF-790A395CC3D1}"
EndProject
Project("{2150E333-8FDC-42A3-9474-1A3956D46DE8}") = "documentation", "documentation", "{C2DDF5B1-F91D-4436-8289-4FFAF552CBD3}"
EndProject
Project("{B7DD6F7E-DEF8-4E67-B5B7-07EF123DB6F0}") = "TripViewerBootstrapper", "TripViewerBootstrapper\TripViewerBootstrapper.wixproj", "{6329E26E-F467-4FDA-845A-C22DB62B61DD}"
EndProject
Global
	GlobalSection(SolutionConfigurationPlatforms) = preSolution
		Debug|Any CPU = Debug|Any CPU
		Debug|ARM64 = Debug|ARM64
		Debug|x64 = Debug|x64
		Debug|x86 = Debug|x86
		Release|Any CPU = Release|Any CPU
		Release|ARM64 = Release|ARM64
		Release|x64 = Release|x64
		Release|x86 = Release|x86
	EndGlobalSection
	GlobalSection(ProjectConfigurationPlatforms) = postSolution
		{75ED3C20-D21E-426C-A507-E1F0DFEBC464}.Debug|Any CPU.ActiveCfg = Debug|Any CPU
		{75ED3C20-D21E-426C-A507-E1F0DFEBC464}.Debug|Any CPU.Build.0 = Debug|Any CPU
		{75ED3C20-D21E-426C-A507-E1F0DFEBC464}.Debug|ARM64.ActiveCfg = Debug|Any CPU
		{75ED3C20-D21E-426C-A507-E1F0DFEBC464}.Debug|ARM64.Build.0 = Debug|Any CPU
		{75ED3C20-D21E-426C-A507-E1F0DFEBC464}.Debug|x64.ActiveCfg = Debug|Any CPU
		{75ED3C20-D21E-426C-A507-E1F0DFEBC464}.Debug|x64.Build.0 = Debug|Any CPU
		{75ED3C20-D21E-426C-A507-E1F0DFEBC464}.Debug|x86.ActiveCfg = Debug|Any CPU
		{75ED3C20-D21E-426C-A507-E1F0DFEBC464}.Debug|x86.Build.0 = Debug|Any CPU
		{75ED3C20-D21E-426C-A507-E1F0DFEBC464}.Release|Any CPU.ActiveCfg = Release|Any CPU
		{75ED3C20-D21E-426C-A507-E1F0DFEBC464}.Release|Any CPU.Build.0 = Release|Any CPU
		{75ED3C20-D21E-426C-A507-E1F0DFEBC464}.Release|ARM64.ActiveCfg = Release|Any CPU
		{75ED3C20-D21E-426C-A507-E1F0DFEBC464}.Release|ARM64.Build.0 = Release|Any CPU
		{75ED3C20-D21E-426C-A507-E1F0DFEBC464}.Release|x64.ActiveCfg = Release|Any CPU
		{75ED3C20-D21E-426C-A507-E1F0DFEBC464}.Release|x64.Build.0 = Release|Any CPU
		{75ED3C20-D21E-426C-A507-E1F0DFEBC464}.Release|x86.ActiveCfg = Release|Any CPU
		{75ED3C20-D21E-426C-A507-E1F0DFEBC464}.Release|x86.Build.0 = Release|Any CPU
		{3A67966B-8DFC-4DB6-A419-6C6B2FE21DFD}.Debug|Any CPU.ActiveCfg = Debug|Any CPU
		{3A67966B-8DFC-4DB6-A419-6C6B2FE21DFD}.Debug|Any CPU.Build.0 = Debug|Any CPU
		{3A67966B-8DFC-4DB6-A419-6C6B2FE21DFD}.Debug|ARM64.ActiveCfg = Debug|Any CPU
		{3A67966B-8DFC-4DB6-A419-6C6B2FE21DFD}.Debug|ARM64.Build.0 = Debug|Any CPU
		{3A67966B-8DFC-4DB6-A419-6C6B2FE21DFD}.Debug|x64.ActiveCfg = Debug|Any CPU
		{3A67966B-8DFC-4DB6-A419-6C6B2FE21DFD}.Debug|x64.Build.0 = Debug|Any CPU
		{3A67966B-8DFC-4DB6-A419-6C6B2FE21DFD}.Debug|x86.ActiveCfg = Debug|Any CPU
		{3A67966B-8DFC-4DB6-A419-6C6B2FE21DFD}.Debug|x86.Build.0 = Debug|Any CPU
		{3A67966B-8DFC-4DB6-A419-6C6B2FE21DFD}.Release|Any CPU.ActiveCfg = Release|Any CPU
		{3A67966B-8DFC-4DB6-A419-6C6B2FE21DFD}.Release|Any CPU.Build.0 = Release|Any CPU
		{3A67966B-8DFC-4DB6-A419-6C6B2FE21DFD}.Release|ARM64.ActiveCfg = Release|Any CPU
		{3A67966B-8DFC-4DB6-A419-6C6B2FE21DFD}.Release|ARM64.Build.0 = Release|Any CPU
		{3A67966B-8DFC-4DB6-A419-6C6B2FE21DFD}.Release|x64.ActiveCfg = Release|Any CPU
		{3A67966B-8DFC-4DB6-A419-6C6B2FE21DFD}.Release|x64.Build.0 = Release|Any CPU
		{3A67966B-8DFC-4DB6-A419-6C6B2FE21DFD}.Release|x86.ActiveCfg = Release|Any CPU
		{3A67966B-8DFC-4DB6-A419-6C6B2FE21DFD}.Release|x86.Build.0 = Release|Any CPU
		{06C1F962-CE4F-4FED-90C5-97D6BFB98E45}.Debug|Any CPU.ActiveCfg = Debug|Any CPU
		{06C1F962-CE4F-4FED-90C5-97D6BFB98E45}.Debug|Any CPU.Build.0 = Debug|Any CPU
		{06C1F962-CE4F-4FED-90C5-97D6BFB98E45}.Debug|ARM64.ActiveCfg = Debug|Any CPU
		{06C1F962-CE4F-4FED-90C5-97D6BFB98E45}.Debug|ARM64.Build.0 = Debug|Any CPU
		{06C1F962-CE4F-4FED-90C5-97D6BFB98E45}.Debug|x64.ActiveCfg = Debug|Any CPU
		{06C1F962-CE4F-4FED-90C5-97D6BFB98E45}.Debug|x64.Build.0 = Debug|Any CPU
		{06C1F962-CE4F-4FED-90C5-97D6BFB98E45}.Debug|x86.ActiveCfg = Debug|Any CPU
		{06C1F962-CE4F-4FED-90C5-97D6BFB98E45}.Debug|x86.Build.0 = Debug|Any CPU
		{06C1F962-CE4F-4FED-90C5-97D6BFB98E45}.Release|Any CPU.ActiveCfg = Release|Any CPU
		{06C1F962-CE4F-4FED-90C5-97D6BFB98E45}.Release|Any CPU.Build.0 = Release|Any CPU
		{06C1F962-CE4F-4FED-90C5-97D6BFB98E45}.Release|ARM64.ActiveCfg = Release|Any CPU
		{06C1F962-CE4F-4FED-90C5-97D6BFB98E45}.Release|ARM64.Build.0 = Release|Any CPU
		{06C1F962-CE4F-4FED-90C5-97D6BFB98E45}.Release|x64.ActiveCfg = Release|Any CPU
		{06C1F962-CE4F-4FED-90C5-97D6BFB98E45}.Release|x64.Build.0 = Release|Any CPU
		{06C1F962-CE4F-4FED-90C5-97D6BFB98E45}.Release|x86.ActiveCfg = Release|Any CPU
		{06C1F962-CE4F-4FED-90C5-97D6BFB98E45}.Release|x86.Build.0 = Release|Any CPU
		{D53A0BE9-EC54-A102-97C9-F56FEB370DCA}.Debug|Any CPU.ActiveCfg = Debug|Any CPU
		{D53A0BE9-EC54-A102-97C9-F56FEB370DCA}.Debug|Any CPU.Build.0 = Debug|Any CPU
		{D53A0BE9-EC54-A102-97C9-F56FEB370DCA}.Debug|ARM64.ActiveCfg = Debug|Any CPU
		{D53A0BE9-EC54-A102-97C9-F56FEB370DCA}.Debug|ARM64.Build.0 = Debug|Any CPU
		{D53A0BE9-EC54-A102-97C9-F56FEB370DCA}.Debug|x64.ActiveCfg = Debug|Any CPU
		{D53A0BE9-EC54-A102-97C9-F56FEB370DCA}.Debug|x64.Build.0 = Debug|Any CPU
		{D53A0BE9-EC54-A102-97C9-F56FEB370DCA}.Debug|x86.ActiveCfg = Debug|Any CPU
		{D53A0BE9-EC54-A102-97C9-F56FEB370DCA}.Debug|x86.Build.0 = Debug|Any CPU
		{D53A0BE9-EC54-A102-97C9-F56FEB370DCA}.Release|Any CPU.ActiveCfg = Release|Any CPU
		{D53A0BE9-EC54-A102-97C9-F56FEB370DCA}.Release|Any CPU.Build.0 = Release|Any CPU
		{D53A0BE9-EC54-A102-97C9-F56FEB370DCA}.Release|ARM64.ActiveCfg = Release|Any CPU
		{D53A0BE9-EC54-A102-97C9-F56FEB370DCA}.Release|ARM64.Build.0 = Release|Any CPU
		{D53A0BE9-EC54-A102-97C9-F56FEB370DCA}.Release|x64.ActiveCfg = Release|Any CPU
		{D53A0BE9-EC54-A102-97C9-F56FEB370DCA}.Release|x64.Build.0 = Release|Any CPU
		{D53A0BE9-EC54-A102-97C9-F56FEB370DCA}.Release|x86.ActiveCfg = Release|Any CPU
		{D53A0BE9-EC54-A102-97C9-F56FEB370DCA}.Release|x86.Build.0 = Release|Any CPU
		{66379777-094B-4A92-9FAF-790A395CC3D1}.Debug|Any CPU.ActiveCfg = Debug|x64
		{66379777-094B-4A92-9FAF-790A395CC3D1}.Debug|ARM64.ActiveCfg = Debug|ARM64
		{66379777-094B-4A92-9FAF-790A395CC3D1}.Debug|x64.ActiveCfg = Debug|x64
		{66379777-094B-4A92-9FAF-790A395CC3D1}.Debug|x86.ActiveCfg = Debug|x86
		{66379777-094B-4A92-9FAF-790A395CC3D1}.Release|Any CPU.ActiveCfg = Release|x64
		{66379777-094B-4A92-9FAF-790A395CC3D1}.Release|ARM64.ActiveCfg = Release|ARM64
		{66379777-094B-4A92-9FAF-790A395CC3D1}.Release|x64.ActiveCfg = Release|x64
		{66379777-094B-4A92-9FAF-790A395CC3D1}.Release|x86.ActiveCfg = Release|x86
		{6329E26E-F467-4FDA-845A-C22DB62B61DD}.Debug|Any CPU.ActiveCfg = Debug|x64
		{6329E26E-F467-4FDA-845A-C22DB62B61DD}.Debug|ARM64.ActiveCfg = Debug|ARM64
		{6329E26E-F467-4FDA-845A-C22DB62B61DD}.Debug|x64.ActiveCfg = Debug|x64
		{6329E26E-F467-4FDA-845A-C22DB62B61DD}.Debug|x86.ActiveCfg = Debug|x86
		{6329E26E-F467-4FDA-845A-C22DB62B61DD}.Release|Any CPU.ActiveCfg = Release|x64
		{6329E26E-F467-4FDA-845A-C22DB62B61DD}.Release|ARM64.ActiveCfg = Release|ARM64
		{6329E26E-F467-4FDA-845A-C22DB62B61DD}.Release|x64.ActiveCfg = Release|x64
		{6329E26E-F467-4FDA-845A-C22DB62B61DD}.Release|x86.ActiveCfg = Release|x86
	EndGlobalSection
	GlobalSection(SolutionProperties) = preSolution
		HideSolutionNode = FALSE
	EndGlobalSection
	GlobalSection(NestedProjects) = preSolution
		{02EA681E-C7D8-13C7-8484-4AC65E1B71E8} = {8EC462FD-D22E-90A8-E5CE-7E832BA40C5D}
		{5D4F62C9-BF03-45A9-B29A-D7DC7B3C082C} = {02EA681E-C7D8-13C7-8484-4AC65E1B71E8}
		{5FE9C007-B254-4A2A-916F-B106EB6E31A4} = {02EA681E-C7D8-13C7-8484-4AC65E1B71E8}
		{F0B1DD0B-D4DF-4844-9D45-D1E13D51149E} = {8EC462FD-D22E-90A8-E5CE-7E832BA40C5D}
		{C2DDF5B1-F91D-4436-8289-4FFAF552CBD3} = {8EC462FD-D22E-90A8-E5CE-7E832BA40C5D}
	EndGlobalSection
	GlobalSection(ExtensibilityGlobals) = postSolution
		SolutionGuid = {F7FB1C12-1723-46B1-A29B-9CEDF1B290F1}
	EndGlobalSection
EndGlobal
